
Microsoft Visual Studio Solution File, Format Version 12.00
# Visual Studio Version 16
VisualStudioVersion = 16.0.30804.86
MinimumVisualStudioVersion = 10.0.40219.1
Project("{FAE04EC0-301F-11D3-BF4B-00C04F79EFBC}") = "DiscordAntiToxicBot", "DiscordAntiToxicBot.csproj", "{BD552E1D-F64B-41F4-A8B7-E7A78A4607D4}"
EndProject
Global
	GlobalSection(SolutionConfigurationPlatforms) = preSolution
		Debug|Any CPU = Debug|Any CPU
		Release|Any CPU = Release|Any CPU
	EndGlobalSection
	GlobalSection(ProjectConfigurationPlatforms) = postSolution
		{BD552E1D-F64B-41F4-A8B7-E7A78A4607D4}.Debug|Any CPU.ActiveCfg = Debug|Any CPU
		{BD552E1D-F64B-41F4-A8B7-E7A78A4607D4}.Debug|Any CPU.Build.0 = Debug|Any CPU
		{BD552E1D-F64B-41F4-A8B7-E7A78A4607D4}.Release|Any CPU.ActiveCfg = Release|Any CPU
		{BD552E1D-F64B-41F4-A8B7-E7A78A4607D4}.Release|Any CPU.Build.0 = Release|Any CPU
	EndGlobalSection
	GlobalSection(SolutionProperties) = preSolution
		HideSolutionNode = FALSE
	EndGlobalSection
	GlobalSection(ExtensibilityGlobals) = postSolution
		SolutionGuid = {7F927D59-ECA8-4A80-AC6C-498121D20D98}
	EndGlobalSection
EndGlobal
